
Microsoft Visual Studio Solution File, Format Version 12.00
# Visual Studio 14
VisualStudioVersion = 14.0.23107.0
MinimumVisualStudioVersion = 10.0.40219.1
Project("{FAE04EC0-301F-11D3-BF4B-00C04F79EFBC}") = "custom_weapon_template", "custom_weapon_template\custom_weapon_template.csproj", "{ECCBC3B9-CD16-4DAE-9596-D8C1C5EFEB04}"
EndProject
Global
	GlobalSection(SolutionConfigurationPlatforms) = preSolution
		Debug|Any CPU = Debug|Any CPU
		Release|Any CPU = Release|Any CPU
	EndGlobalSection
	GlobalSection(ProjectConfigurationPlatforms) = postSolution
		{ECCBC3B9-CD16-4DAE-9596-D8C1C5EFEB04}.Debug|Any CPU.ActiveCfg = Debug|Any CPU
		{ECCBC3B9-CD16-4DAE-9596-D8C1C5EFEB04}.Debug|Any CPU.Build.0 = Debug|Any CPU
		{ECCBC3B9-CD16-4DAE-9596-D8C1C5EFEB04}.Release|Any CPU.ActiveCfg = Release|Any CPU
		{ECCBC3B9-CD16-4DAE-9596-D8C1C5EFEB04}.Release|Any CPU.Build.0 = Release|Any CPU
	EndGlobalSection
	GlobalSection(SolutionProperties) = preSolution
		HideSolutionNode = FALSE
	EndGlobalSection
EndGlobal
